
Microsoft Visual Studio Solution File, Format Version 12.00
# Visual Studio Version 17
VisualStudioVersion = 17.0.31903.59
MinimumVisualStudioVersion = 10.0.40219.1
Project("{2150E333-8FDC-42A3-9474-1A3956D46DE8}") = "src", "src", "{6AE7A0D7-961C-4401-9190-D8153B0B99CF}"
EndProject
Project("{FAE04EC0-301F-11D3-BF4B-00C04F79EFBC}") = "DungeonKeeper.Core", "src\DungeonKeeper.Core\DungeonKeeper.Core.csproj", "{6E616EFD-EE93-48FD-BBE9-EBFDD498D5EE}"
EndProject
Project("{2150E333-8FDC-42A3-9474-1A3956D46DE8}") = "tests", "tests", "{C9C3ADC4-A2D2-4462-9223-0183E1683D8B}"
EndProject
Project("{FAE04EC0-301F-11D3-BF4B-00C04F79EFBC}") = "DungeonKeeper.Core.Tests", "tests\DungeonKeeper.Core.Tests\DungeonKeeper.Core.Tests.csproj", "{4654AD9A-9FDD-42DF-985B-B2E4EF3B8ACB}"
EndProject
Project("{FAE04EC0-301F-11D3-BF4B-00C04F79EFBC}") = "DungeonKeeper.Resources", "src\DungeonKeeper.Resources\DungeonKeeper.Resources.csproj", "{7B2E27AB-728F-4B77-8A6E-A1843F100477}"
EndProject
Project("{FAE04EC0-301F-11D3-BF4B-00C04F79EFBC}") = "DungeonKeeper.Resources.Tests", "tests\DungeonKeeper.Resources.Tests\DungeonKeeper.Resources.Tests.csproj", "{F528D159-DB53-4F69-A22D-40C2164FEAA1}"
EndProject
Project("{FAE04EC0-301F-11D3-BF4B-00C04F79EFBC}") = "DungeonKeeper.Dungeon", "src\DungeonKeeper.Dungeon\DungeonKeeper.Dungeon.csproj", "{675ED663-3821-491E-8D17-FEFEAF45114E}"
EndProject
Project("{FAE04EC0-301F-11D3-BF4B-00C04F79EFBC}") = "DungeonKeeper.Dungeon.Tests", "tests\DungeonKeeper.Dungeon.Tests\DungeonKeeper.Dungeon.Tests.csproj", "{1DE60023-38A7-4FFA-9B54-8FA0E8F369AE}"
EndProject
Project("{FAE04EC0-301F-11D3-BF4B-00C04F79EFBC}") = "DungeonKeeper.Creatures", "src\DungeonKeeper.Creatures\DungeonKeeper.Creatures.csproj", "{CCBC28A9-DDDF-4CC0-8EC8-C923BDEF9BBC}"
EndProject
Project("{FAE04EC0-301F-11D3-BF4B-00C04F79EFBC}") = "DungeonKeeper.Creatures.Tests", "tests\DungeonKeeper.Creatures.Tests\DungeonKeeper.Creatures.Tests.csproj", "{0DA952D4-09E3-4C03-BA0D-01FCDDD3F6C6}"
EndProject
Project("{FAE04EC0-301F-11D3-BF4B-00C04F79EFBC}") = "DungeonKeeper.Combat", "src\DungeonKeeper.Combat\DungeonKeeper.Combat.csproj", "{CB4E0284-0477-4C20-AD1E-3745956D1748}"
EndProject
Project("{FAE04EC0-301F-11D3-BF4B-00C04F79EFBC}") = "DungeonKeeper.Combat.Tests", "tests\DungeonKeeper.Combat.Tests\DungeonKeeper.Combat.Tests.csproj", "{14C1B228-8914-4CBE-A44A-9D4EC9864D98}"
EndProject
Project("{FAE04EC0-301F-11D3-BF4B-00C04F79EFBC}") = "DungeonKeeper.Spells", "src\DungeonKeeper.Spells\DungeonKeeper.Spells.csproj", "{19D965EB-33B8-4DD3-8417-18D2A0169B78}"
EndProject
Project("{FAE04EC0-301F-11D3-BF4B-00C04F79EFBC}") = "DungeonKeeper.Spells.Tests", "tests\DungeonKeeper.Spells.Tests\DungeonKeeper.Spells.Tests.csproj", "{46A8AF65-73E7-40BD-814D-B5915C8FBBD9}"
EndProject
Project("{FAE04EC0-301F-11D3-BF4B-00C04F79EFBC}") = "DungeonKeeper.Traps", "src\DungeonKeeper.Traps\DungeonKeeper.Traps.csproj", "{5154D195-C2A1-413A-822A-B97701E2BE41}"
EndProject
Project("{FAE04EC0-301F-11D3-BF4B-00C04F79EFBC}") = "DungeonKeeper.Traps.Tests", "tests\DungeonKeeper.Traps.Tests\DungeonKeeper.Traps.Tests.csproj", "{33F54E2D-1584-40C3-AE27-D606622A308C}"
EndProject
Project("{FAE04EC0-301F-11D3-BF4B-00C04F79EFBC}") = "DungeonKeeper.Keeper", "src\DungeonKeeper.Keeper\DungeonKeeper.Keeper.csproj", "{BFF406BE-7CC3-4BFF-96B6-4E9B93C9E74C}"
EndProject
Project("{FAE04EC0-301F-11D3-BF4B-00C04F79EFBC}") = "DungeonKeeper.Keeper.Tests", "tests\DungeonKeeper.Keeper.Tests\DungeonKeeper.Keeper.Tests.csproj", "{7A5AA092-FB4D-4A5B-AEC5-2A5346563019}"
EndProject
Project("{FAE04EC0-301F-11D3-BF4B-00C04F79EFBC}") = "DungeonKeeper.GameState", "src\DungeonKeeper.GameState\DungeonKeeper.GameState.csproj", "{5BF80AEE-9A09-4464-B8D1-1D22C89F382D}"
EndProject
Project("{FAE04EC0-301F-11D3-BF4B-00C04F79EFBC}") = "DungeonKeeper.GameState.Tests", "tests\DungeonKeeper.GameState.Tests\DungeonKeeper.GameState.Tests.csproj", "{049CDAA2-CC6C-46CF-BC34-4B8A03EFA4AD}"
EndProject
Project("{FAE04EC0-301F-11D3-BF4B-00C04F79EFBC}") = "DungeonKeeper.Campaign", "src\DungeonKeeper.Campaign\DungeonKeeper.Campaign.csproj", "{64DE3ABA-B317-4B2B-8814-22BCEEA19461}"
EndProject
Global
	GlobalSection(SolutionConfigurationPlatforms) = preSolution
		Debug|Any CPU = Debug|Any CPU
		Debug|x64 = Debug|x64
		Debug|x86 = Debug|x86
		Release|Any CPU = Release|Any CPU
		Release|x64 = Release|x64
		Release|x86 = Release|x86
	EndGlobalSection
	GlobalSection(ProjectConfigurationPlatforms) = postSolution
		{6E616EFD-EE93-48FD-BBE9-EBFDD498D5EE}.Debug|Any CPU.ActiveCfg = Debug|Any CPU
		{6E616EFD-EE93-48FD-BBE9-EBFDD498D5EE}.Debug|Any CPU.Build.0 = Debug|Any CPU
		{6E616EFD-EE93-48FD-BBE9-EBFDD498D5EE}.Debug|x64.ActiveCfg = Debug|Any CPU
		{6E616EFD-EE93-48FD-BBE9-EBFDD498D5EE}.Debug|x64.Build.0 = Debug|Any CPU
		{6E616EFD-EE93-48FD-BBE9-EBFDD498D5EE}.Debug|x86.ActiveCfg = Debug|Any CPU
		{6E616EFD-EE93-48FD-BBE9-EBFDD498D5EE}.Debug|x86.Build.0 = Debug|Any CPU
		{6E616EFD-EE93-48FD-BBE9-EBFDD498D5EE}.Release|Any CPU.ActiveCfg = Release|Any CPU
		{6E616EFD-EE93-48FD-BBE9-EBFDD498D5EE}.Release|Any CPU.Build.0 = Release|Any CPU
		{6E616EFD-EE93-48FD-BBE9-EBFDD498D5EE}.Release|x64.ActiveCfg = Release|Any CPU
		{6E616EFD-EE93-48FD-BBE9-EBFDD498D5EE}.Release|x64.Build.0 = Release|Any CPU
		{6E616EFD-EE93-48FD-BBE9-EBFDD498D5EE}.Release|x86.ActiveCfg = Release|Any CPU
		{6E616EFD-EE93-48FD-BBE9-EBFDD498D5EE}.Release|x86.Build.0 = Release|Any CPU
		{4654AD9A-9FDD-42DF-985B-B2E4EF3B8ACB}.Debug|Any CPU.ActiveCfg = Debug|Any CPU
		{4654AD9A-9FDD-42DF-985B-B2E4EF3B8ACB}.Debug|Any CPU.Build.0 = Debug|Any CPU
		{4654AD9A-9FDD-42DF-985B-B2E4EF3B8ACB}.Debug|x64.ActiveCfg = Debug|Any CPU
		{4654AD9A-9FDD-42DF-985B-B2E4EF3B8ACB}.Debug|x64.Build.0 = Debug|Any CPU
		{4654AD9A-9FDD-42DF-985B-B2E4EF3B8ACB}.Debug|x86.ActiveCfg = Debug|Any CPU
		{4654AD9A-9FDD-42DF-985B-B2E4EF3B8ACB}.Debug|x86.Build.0 = Debug|Any CPU
		{4654AD9A-9FDD-42DF-985B-B2E4EF3B8ACB}.Release|Any CPU.ActiveCfg = Release|Any CPU
		{4654AD9A-9FDD-42DF-985B-B2E4EF3B8ACB}.Release|Any CPU.Build.0 = Release|Any CPU
		{4654AD9A-9FDD-42DF-985B-B2E4EF3B8ACB}.Release|x64.ActiveCfg = Release|Any CPU
		{4654AD9A-9FDD-42DF-985B-B2E4EF3B8ACB}.Release|x64.Build.0 = Release|Any CPU
		{4654AD9A-9FDD-42DF-985B-B2E4EF3B8ACB}.Release|x86.ActiveCfg = Release|Any CPU
		{4654AD9A-9FDD-42DF-985B-B2E4EF3B8ACB}.Release|x86.Build.0 = Release|Any CPU
		{7B2E27AB-728F-4B77-8A6E-A1843F100477}.Debug|Any CPU.ActiveCfg = Debug|Any CPU
		{7B2E27AB-728F-4B77-8A6E-A1843F100477}.Debug|Any CPU.Build.0 = Debug|Any CPU
		{7B2E27AB-728F-4B77-8A6E-A1843F100477}.Debug|x64.ActiveCfg = Debug|Any CPU
		{7B2E27AB-728F-4B77-8A6E-A1843F100477}.Debug|x64.Build.0 = Debug|Any CPU
		{7B2E27AB-728F-4B77-8A6E-A1843F100477}.Debug|x86.ActiveCfg = Debug|Any CPU
		{7B2E27AB-728F-4B77-8A6E-A1843F100477}.Debug|x86.Build.0 = Debug|Any CPU
		{7B2E27AB-728F-4B77-8A6E-A1843F100477}.Release|Any CPU.ActiveCfg = Release|Any CPU
		{7B2E27AB-728F-4B77-8A6E-A1843F100477}.Release|Any CPU.Build.0 = Release|Any CPU
		{7B2E27AB-728F-4B77-8A6E-A1843F100477}.Release|x64.ActiveCfg = Release|Any CPU
		{7B2E27AB-728F-4B77-8A6E-A1843F100477}.Release|x64.Build.0 = Release|Any CPU
		{7B2E27AB-728F-4B77-8A6E-A1843F100477}.Release|x86.ActiveCfg = Release|Any CPU
		{7B2E27AB-728F-4B77-8A6E-A1843F100477}.Release|x86.Build.0 = Release|Any CPU
		{F528D159-DB53-4F69-A22D-40C2164FEAA1}.Debug|Any CPU.ActiveCfg = Debug|Any CPU
		{F528D159-DB53-4F69-A22D-40C2164FEAA1}.Debug|Any CPU.Build.0 = Debug|Any CPU
		{F528D159-DB53-4F69-A22D-40C2164FEAA1}.Debug|x64.ActiveCfg = Debug|Any CPU
		{F528D159-DB53-4F69-A22D-40C2164FEAA1}.Debug|x64.Build.0 = Debug|Any CPU
		{F528D159-DB53-4F69-A22D-40C2164FEAA1}.Debug|x86.ActiveCfg = Debug|Any CPU
		{F528D159-DB53-4F69-A22D-40C2164FEAA1}.Debug|x86.Build.0 = Debug|Any CPU
		{F528D159-DB53-4F69-A22D-40C2164FEAA1}.Release|Any CPU.ActiveCfg = Release|Any CPU
		{F528D159-DB53-4F69-A22D-40C2164FEAA1}.Release|Any CPU.Build.0 = Release|Any CPU
		{F528D159-DB53-4F69-A22D-40C2164FEAA1}.Release|x64.ActiveCfg = Release|Any CPU
		{F528D159-DB53-4F69-A22D-40C2164FEAA1}.Release|x64.Build.0 = Release|Any CPU
		{F528D159-DB53-4F69-A22D-40C2164FEAA1}.Release|x86.ActiveCfg = Release|Any CPU
		{F528D159-DB53-4F69-A22D-40C2164FEAA1}.Release|x86.Build.0 = Release|Any CPU
		{675ED663-3821-491E-8D17-FEFEAF45114E}.Debug|Any CPU.ActiveCfg = Debug|Any CPU
		{675ED663-3821-491E-8D17-FEFEAF45114E}.Debug|Any CPU.Build.0 = Debug|Any CPU
		{675ED663-3821-491E-8D17-FEFEAF45114E}.Debug|x64.ActiveCfg = Debug|Any CPU
		{675ED663-3821-491E-8D17-FEFEAF45114E}.Debug|x64.Build.0 = Debug|Any CPU
		{675ED663-3821-491E-8D17-FEFEAF45114E}.Debug|x86.ActiveCfg = Debug|Any CPU
		{675ED663-3821-491E-8D17-FEFEAF45114E}.Debug|x86.Build.0 = Debug|Any CPU
		{675ED663-3821-491E-8D17-FEFEAF45114E}.Release|Any CPU.ActiveCfg = Release|Any CPU
		{675ED663-3821-491E-8D17-FEFEAF45114E}.Release|Any CPU.Build.0 = Release|Any CPU
		{675ED663-3821-491E-8D17-FEFEAF45114E}.Release|x64.ActiveCfg = Release|Any CPU
		{675ED663-3821-491E-8D17-FEFEAF45114E}.Release|x64.Build.0 = Release|Any CPU
		{675ED663-3821-491E-8D17-FEFEAF45114E}.Release|x86.ActiveCfg = Release|Any CPU
		{675ED663-3821-491E-8D17-FEFEAF45114E}.Release|x86.Build.0 = Release|Any CPU
		{1DE60023-38A7-4FFA-9B54-8FA0E8F369AE}.Debug|Any CPU.ActiveCfg = Debug|Any CPU
		{1DE60023-38A7-4FFA-9B54-8FA0E8F369AE}.Debug|Any CPU.Build.0 = Debug|Any CPU
		{1DE60023-38A7-4FFA-9B54-8FA0E8F369AE}.Debug|x64.ActiveCfg = Debug|Any CPU
		{1DE60023-38A7-4FFA-9B54-8FA0E8F369AE}.Debug|x64.Build.0 = Debug|Any CPU
		{1DE60023-38A7-4FFA-9B54-8FA0E8F369AE}.Debug|x86.ActiveCfg = Debug|Any CPU
		{1DE60023-38A7-4FFA-9B54-8FA0E8F369AE}.Debug|x86.Build.0 = Debug|Any CPU
		{1DE60023-38A7-4FFA-9B54-8FA0E8F369AE}.Release|Any CPU.ActiveCfg = Release|Any CPU
		{1DE60023-38A7-4FFA-9B54-8FA0E8F369AE}.Release|Any CPU.Build.0 = Release|Any CPU
		{1DE60023-38A7-4FFA-9B54-8FA0E8F369AE}.Release|x64.ActiveCfg = Release|Any CPU
		{1DE60023-38A7-4FFA-9B54-8FA0E8F369AE}.Release|x64.Build.0 = Release|Any CPU
		{1DE60023-38A7-4FFA-9B54-8FA0E8F369AE}.Release|x86.ActiveCfg = Release|Any CPU
		{1DE60023-38A7-4FFA-9B54-8FA0E8F369AE}.Release|x86.Build.0 = Release|Any CPU
		{CCBC28A9-DDDF-4CC0-8EC8-C923BDEF9BBC}.Debug|Any CPU.ActiveCfg = Debug|Any CPU
		{CCBC28A9-DDDF-4CC0-8EC8-C923BDEF9BBC}.Debug|Any CPU.Build.0 = Debug|Any CPU
		{CCBC28A9-DDDF-4CC0-8EC8-C923BDEF9BBC}.Debug|x64.ActiveCfg = Debug|Any CPU
		{CCBC28A9-DDDF-4CC0-8EC8-C923BDEF9BBC}.Debug|x64.Build.0 = Debug|Any CPU
		{CCBC28A9-DDDF-4CC0-8EC8-C923BDEF9BBC}.Debug|x86.ActiveCfg = Debug|Any CPU
		{CCBC28A9-DDDF-4CC0-8EC8-C923BDEF9BBC}.Debug|x86.Build.0 = Debug|Any CPU
		{CCBC28A9-DDDF-4CC0-8EC8-C923BDEF9BBC}.Release|Any CPU.ActiveCfg = Release|Any CPU
		{CCBC28A9-DDDF-4CC0-8EC8-C923BDEF9BBC}.Release|Any CPU.Build.0 = Release|Any CPU
		{CCBC28A9-DDDF-4CC0-8EC8-C923BDEF9BBC}.Release|x64.ActiveCfg = Release|Any CPU
		{CCBC28A9-DDDF-4CC0-8EC8-C923BDEF9BBC}.Release|x64.Build.0 = Release|Any CPU
		{CCBC28A9-DDDF-4CC0-8EC8-C923BDEF9BBC}.Release|x86.ActiveCfg = Release|Any CPU
		{CCBC28A9-DDDF-4CC0-8EC8-C923BDEF9BBC}.Release|x86.Build.0 = Release|Any CPU
		{0DA952D4-09E3-4C03-BA0D-01FCDDD3F6C6}.Debug|Any CPU.ActiveCfg = Debug|Any CPU
		{0DA952D4-09E3-4C03-BA0D-01FCDDD3F6C6}.Debug|Any CPU.Build.0 = Debug|Any CPU
		{0DA952D4-09E3-4C03-BA0D-01FCDDD3F6C6}.Debug|x64.ActiveCfg = Debug|Any CPU
		{0DA952D4-09E3-4C03-BA0D-01FCDDD3F6C6}.Debug|x64.Build.0 = Debug|Any CPU
		{0DA952D4-09E3-4C03-BA0D-01FCDDD3F6C6}.Debug|x86.ActiveCfg = Debug|Any CPU
		{0DA952D4-09E3-4C03-BA0D-01FCDDD3F6C6}.Debug|x86.Build.0 = Debug|Any CPU
		{0DA952D4-09E3-4C03-BA0D-01FCDDD3F6C6}.Release|Any CPU.ActiveCfg = Release|Any CPU
		{0DA952D4-09E3-4C03-BA0D-01FCDDD3F6C6}.Release|Any CPU.Build.0 = Release|Any CPU
		{0DA952D4-09E3-4C03-BA0D-01FCDDD3F6C6}.Release|x64.ActiveCfg = Release|Any CPU
		{0DA952D4-09E3-4C03-BA0D-01FCDDD3F6C6}.Release|x64.Build.0 = Release|Any CPU
		{0DA952D4-09E3-4C03-BA0D-01FCDDD3F6C6}.Release|x86.ActiveCfg = Release|Any CPU
		{0DA952D4-09E3-4C03-BA0D-01FCDDD3F6C6}.Release|x86.Build.0 = Release|Any CPU
		{CB4E0284-0477-4C20-AD1E-3745956D1748}.Debug|Any CPU.ActiveCfg = Debug|Any CPU
		{CB4E0284-0477-4C20-AD1E-3745956D1748}.Debug|Any CPU.Build.0 = Debug|Any CPU
		{CB4E0284-0477-4C20-AD1E-3745956D1748}.Debug|x64.ActiveCfg = Debug|Any CPU
		{CB4E0284-0477-4C20-AD1E-3745956D1748}.Debug|x64.Build.0 = Debug|Any CPU
		{CB4E0284-0477-4C20-AD1E-3745956D1748}.Debug|x86.ActiveCfg = Debug|Any CPU
		{CB4E0284-0477-4C20-AD1E-3745956D1748}.Debug|x86.Build.0 = Debug|Any CPU
		{CB4E0284-0477-4C20-AD1E-3745956D1748}.Release|Any CPU.ActiveCfg = Release|Any CPU
		{CB4E0284-0477-4C20-AD1E-3745956D1748}.Release|Any CPU.Build.0 = Release|Any CPU
		{CB4E0284-0477-4C20-AD1E-3745956D1748}.Release|x64.ActiveCfg = Release|Any CPU
		{CB4E0284-0477-4C20-AD1E-3745956D1748}.Release|x64.Build.0 = Release|Any CPU
		{CB4E0284-0477-4C20-AD1E-3745956D1748}.Release|x86.ActiveCfg = Release|Any CPU
		{CB4E0284-0477-4C20-AD1E-3745956D1748}.Release|x86.Build.0 = Release|Any CPU
		{14C1B228-8914-4CBE-A44A-9D4EC9864D98}.Debug|Any CPU.ActiveCfg = Debug|Any CPU
		{14C1B228-8914-4CBE-A44A-9D4EC9864D98}.Debug|Any CPU.Build.0 = Debug|Any CPU
		{14C1B228-8914-4CBE-A44A-9D4EC9864D98}.Debug|x64.ActiveCfg = Debug|Any CPU
		{14C1B228-8914-4CBE-A44A-9D4EC9864D98}.Debug|x64.Build.0 = Debug|Any CPU
		{14C1B228-8914-4CBE-A44A-9D4EC9864D98}.Debug|x86.ActiveCfg = Debug|Any CPU
		{14C1B228-8914-4CBE-A44A-9D4EC9864D98}.Debug|x86.Build.0 = Debug|Any CPU
		{14C1B228-8914-4CBE-A44A-9D4EC9864D98}.Release|Any CPU.ActiveCfg = Release|Any CPU
		{14C1B228-8914-4CBE-A44A-9D4EC9864D98}.Release|Any CPU.Build.0 = Release|Any CPU
		{14C1B228-8914-4CBE-A44A-9D4EC9864D98}.Release|x64.ActiveCfg = Release|Any CPU
		{14C1B228-8914-4CBE-A44A-9D4EC9864D98}.Release|x64.Build.0 = Release|Any CPU
		{14C1B228-8914-4CBE-A44A-9D4EC9864D98}.Release|x86.ActiveCfg = Release|Any CPU
		{14C1B228-8914-4CBE-A44A-9D4EC9864D98}.Release|x86.Build.0 = Release|Any CPU
		{19D965EB-33B8-4DD3-8417-18D2A0169B78}.Debug|Any CPU.ActiveCfg = Debug|Any CPU
		{19D965EB-33B8-4DD3-8417-18D2A0169B78}.Debug|Any CPU.Build.0 = Debug|Any CPU
		{19D965EB-33B8-4DD3-8417-18D2A0169B78}.Debug|x64.ActiveCfg = Debug|Any CPU
		{19D965EB-33B8-4DD3-8417-18D2A0169B78}.Debug|x64.Build.0 = Debug|Any CPU
		{19D965EB-33B8-4DD3-8417-18D2A0169B78}.Debug|x86.ActiveCfg = Debug|Any CPU
		{19D965EB-33B8-4DD3-8417-18D2A0169B78}.Debug|x86.Build.0 = Debug|Any CPU
		{19D965EB-33B8-4DD3-8417-18D2A0169B78}.Release|Any CPU.ActiveCfg = Release|Any CPU
		{19D965EB-33B8-4DD3-8417-18D2A0169B78}.Release|Any CPU.Build.0 = Release|Any CPU
		{19D965EB-33B8-4DD3-8417-18D2A0169B78}.Release|x64.ActiveCfg = Release|Any CPU
		{19D965EB-33B8-4DD3-8417-18D2A0169B78}.Release|x64.Build.0 = Release|Any CPU
		{19D965EB-33B8-4DD3-8417-18D2A0169B78}.Release|x86.ActiveCfg = Release|Any CPU
		{19D965EB-33B8-4DD3-8417-18D2A0169B78}.Release|x86.Build.0 = Release|Any CPU
		{46A8AF65-73E7-40BD-814D-B5915C8FBBD9}.Debug|Any CPU.ActiveCfg = Debug|Any CPU
		{46A8AF65-73E7-40BD-814D-B5915C8FBBD9}.Debug|Any CPU.Build.0 = Debug|Any CPU
		{46A8AF65-73E7-40BD-814D-B5915C8FBBD9}.Debug|x64.ActiveCfg = Debug|Any CPU
		{46A8AF65-73E7-40BD-814D-B5915C8FBBD9}.Debug|x64.Build.0 = Debug|Any CPU
		{46A8AF65-73E7-40BD-814D-B5915C8FBBD9}.Debug|x86.ActiveCfg = Debug|Any CPU
		{46A8AF65-73E7-40BD-814D-B5915C8FBBD9}.Debug|x86.Build.0 = Debug|Any CPU
		{46A8AF65-73E7-40BD-814D-B5915C8FBBD9}.Release|Any CPU.ActiveCfg = Release|Any CPU
		{46A8AF65-73E7-40BD-814D-B5915C8FBBD9}.Release|Any CPU.Build.0 = Release|Any CPU
		{46A8AF65-73E7-40BD-814D-B5915C8FBBD9}.Release|x64.ActiveCfg = Release|Any CPU
		{46A8AF65-73E7-40BD-814D-B5915C8FBBD9}.Release|x64.Build.0 = Release|Any CPU
		{46A8AF65-73E7-40BD-814D-B5915C8FBBD9}.Release|x86.ActiveCfg = Release|Any CPU
		{46A8AF65-73E7-40BD-814D-B5915C8FBBD9}.Release|x86.Build.0 = Release|Any CPU
		{5154D195-C2A1-413A-822A-B97701E2BE41}.Debug|Any CPU.ActiveCfg = Debug|Any CPU
		{5154D195-C2A1-413A-822A-B97701E2BE41}.Debug|Any CPU.Build.0 = Debug|Any CPU
		{5154D195-C2A1-413A-822A-B97701E2BE41}.Debug|x64.ActiveCfg = Debug|Any CPU
		{5154D195-C2A1-413A-822A-B97701E2BE41}.Debug|x64.Build.0 = Debug|Any CPU
		{5154D195-C2A1-413A-822A-B97701E2BE41}.Debug|x86.ActiveCfg = Debug|Any CPU
		{5154D195-C2A1-413A-822A-B97701E2BE41}.Debug|x86.Build.0 = Debug|Any CPU
		{5154D195-C2A1-413A-822A-B97701E2BE41}.Release|Any CPU.ActiveCfg = Release|Any CPU
		{5154D195-C2A1-413A-822A-B97701E2BE41}.Release|Any CPU.Build.0 = Release|Any CPU
		{5154D195-C2A1-413A-822A-B97701E2BE41}.Release|x64.ActiveCfg = Release|Any CPU
		{5154D195-C2A1-413A-822A-B97701E2BE41}.Release|x64.Build.0 = Release|Any CPU
		{5154D195-C2A1-413A-822A-B97701E2BE41}.Release|x86.ActiveCfg = Release|Any CPU
		{5154D195-C2A1-413A-822A-B97701E2BE41}.Release|x86.Build.0 = Release|Any CPU
		{33F54E2D-1584-40C3-AE27-D606622A308C}.Debug|Any CPU.ActiveCfg = Debug|Any CPU
		{33F54E2D-1584-40C3-AE27-D606622A308C}.Debug|Any CPU.Build.0 = Debug|Any CPU
		{33F54E2D-1584-40C3-AE27-D606622A308C}.Debug|x64.ActiveCfg = Debug|Any CPU
		{33F54E2D-1584-40C3-AE27-D606622A308C}.Debug|x64.Build.0 = Debug|Any CPU
		{33F54E2D-1584-40C3-AE27-D606622A308C}.Debug|x86.ActiveCfg = Debug|Any CPU
		{33F54E2D-1584-40C3-AE27-D606622A308C}.Debug|x86.Build.0 = Debug|Any CPU
		{33F54E2D-1584-40C3-AE27-D606622A308C}.Release|Any CPU.ActiveCfg = Release|Any CPU
		{33F54E2D-1584-40C3-AE27-D606622A308C}.Release|Any CPU.Build.0 = Release|Any CPU
		{33F54E2D-1584-40C3-AE27-D606622A308C}.Release|x64.ActiveCfg = Release|Any CPU
		{33F54E2D-1584-40C3-AE27-D606622A308C}.Release|x64.Build.0 = Release|Any CPU
		{33F54E2D-1584-40C3-AE27-D606622A308C}.Release|x86.ActiveCfg = Release|Any CPU
		{33F54E2D-1584-40C3-AE27-D606622A308C}.Release|x86.Build.0 = Release|Any CPU
		{BFF406BE-7CC3-4BFF-96B6-4E9B93C9E74C}.Debug|Any CPU.ActiveCfg = Debug|Any CPU
		{BFF406BE-7CC3-4BFF-96B6-4E9B93C9E74C}.Debug|Any CPU.Build.0 = Debug|Any CPU
		{BFF406BE-7CC3-4BFF-96B6-4E9B93C9E74C}.Debug|x64.ActiveCfg = Debug|Any CPU
		{BFF406BE-7CC3-4BFF-96B6-4E9B93C9E74C}.Debug|x64.Build.0 = Debug|Any CPU
		{BFF406BE-7CC3-4BFF-96B6-4E9B93C9E74C}.Debug|x86.ActiveCfg = Debug|Any CPU
		{BFF406BE-7CC3-4BFF-96B6-4E9B93C9E74C}.Debug|x86.Build.0 = Debug|Any CPU
		{BFF406BE-7CC3-4BFF-96B6-4E9B93C9E74C}.Release|Any CPU.ActiveCfg = Release|Any CPU
		{BFF406BE-7CC3-4BFF-96B6-4E9B93C9E74C}.Release|Any CPU.Build.0 = Release|Any CPU
		{BFF406BE-7CC3-4BFF-96B6-4E9B93C9E74C}.Release|x64.ActiveCfg = Release|Any CPU
		{BFF406BE-7CC3-4BFF-96B6-4E9B93C9E74C}.Release|x64.Build.0 = Release|Any CPU
		{BFF406BE-7CC3-4BFF-96B6-4E9B93C9E74C}.Release|x86.ActiveCfg = Release|Any CPU
		{BFF406BE-7CC3-4BFF-96B6-4E9B93C9E74C}.Release|x86.Build.0 = Release|Any CPU
		{7A5AA092-FB4D-4A5B-AEC5-2A5346563019}.Debug|Any CPU.ActiveCfg = Debug|Any CPU
		{7A5AA092-FB4D-4A5B-AEC5-2A5346563019}.Debug|Any CPU.Build.0 = Debug|Any CPU
		{7A5AA092-FB4D-4A5B-AEC5-2A5346563019}.Debug|x64.ActiveCfg = Debug|Any CPU
		{7A5AA092-FB4D-4A5B-AEC5-2A5346563019}.Debug|x64.Build.0 = Debug|Any CPU
		{7A5AA092-FB4D-4A5B-AEC5-2A5346563019}.Debug|x86.ActiveCfg = Debug|Any CPU
		{7A5AA092-FB4D-4A5B-AEC5-2A5346563019}.Debug|x86.Build.0 = Debug|Any CPU
		{7A5AA092-FB4D-4A5B-AEC5-2A5346563019}.Release|Any CPU.ActiveCfg = Release|Any CPU
		{7A5AA092-FB4D-4A5B-AEC5-2A5346563019}.Release|Any CPU.Build.0 = Release|Any CPU
		{7A5AA092-FB4D-4A5B-AEC5-2A5346563019}.Release|x64.ActiveCfg = Release|Any CPU
		{7A5AA092-FB4D-4A5B-AEC5-2A5346563019}.Release|x64.Build.0 = Release|Any CPU
		{7A5AA092-FB4D-4A5B-AEC5-2A5346563019}.Release|x86.ActiveCfg = Release|Any CPU
		{7A5AA092-FB4D-4A5B-AEC5-2A5346563019}.Release|x86.Build.0 = Release|Any CPU
		{5BF80AEE-9A09-4464-B8D1-1D22C89F382D}.Debug|Any CPU.ActiveCfg = Debug|Any CPU
		{5BF80AEE-9A09-4464-B8D1-1D22C89F382D}.Debug|Any CPU.Build.0 = Debug|Any CPU
		{5BF80AEE-9A09-4464-B8D1-1D22C89F382D}.Debug|x64.ActiveCfg = Debug|Any CPU
		{5BF80AEE-9A09-4464-B8D1-1D22C89F382D}.Debug|x64.Build.0 = Debug|Any CPU
		{5BF80AEE-9A09-4464-B8D1-1D22C89F382D}.Debug|x86.ActiveCfg = Debug|Any CPU
		{5BF80AEE-9A09-4464-B8D1-1D22C89F382D}.Debug|x86.Build.0 = Debug|Any CPU
		{5BF80AEE-9A09-4464-B8D1-1D22C89F382D}.Release|Any CPU.ActiveCfg = Release|Any CPU
		{5BF80AEE-9A09-4464-B8D1-1D22C89F382D}.Release|Any CPU.Build.0 = Release|Any CPU
		{5BF80AEE-9A09-4464-B8D1-1D22C89F382D}.Release|x64.ActiveCfg = Release|Any CPU
		{5BF80AEE-9A09-4464-B8D1-1D22C89F382D}.Release|x64.Build.0 = Release|Any CPU
		{5BF80AEE-9A09-4464-B8D1-1D22C89F382D}.Release|x86.ActiveCfg = Release|Any CPU
		{5BF80AEE-9A09-4464-B8D1-1D22C89F382D}.Release|x86.Build.0 = Release|Any CPU
		{049CDAA2-CC6C-46CF-BC34-4B8A03EFA4AD}.Debug|Any CPU.ActiveCfg = Debug|Any CPU
		{049CDAA2-CC6C-46CF-BC34-4B8A03EFA4AD}.Debug|Any CPU.Build.0 = Debug|Any CPU
		{049CDAA2-CC6C-46CF-BC34-4B8A03EFA4AD}.Debug|x64.ActiveCfg = Debug|Any CPU
		{049CDAA2-CC6C-46CF-BC34-4B8A03EFA4AD}.Debug|x64.Build.0 = Debug|Any CPU
		{049CDAA2-CC6C-46CF-BC34-4B8A03EFA4AD}.Debug|x86.ActiveCfg = Debug|Any CPU
		{049CDAA2-CC6C-46CF-BC34-4B8A03EFA4AD}.Debug|x86.Build.0 = Debug|Any CPU
		{049CDAA2-CC6C-46CF-BC34-4B8A03EFA4AD}.Release|Any CPU.ActiveCfg = Release|Any CPU
		{049CDAA2-CC6C-46CF-BC34-4B8A03EFA4AD}.Release|Any CPU.Build.0 = Release|Any CPU
		{049CDAA2-CC6C-46CF-BC34-4B8A03EFA4AD}.Release|x64.ActiveCfg = Release|Any CPU
		{049CDAA2-CC6C-46CF-BC34-4B8A03EFA4AD}.Release|x64.Build.0 = Release|Any CPU
		{049CDAA2-CC6C-46CF-BC34-4B8A03EFA4AD}.Release|x86.ActiveCfg = Release|Any CPU
		{049CDAA2-CC6C-46CF-BC34-4B8A03EFA4AD}.Release|x86.Build.0 = Release|Any CPU
		{64DE3ABA-B317-4B2B-8814-22BCEEA19461}.Debug|Any CPU.ActiveCfg = Debug|Any CPU
		{64DE3ABA-B317-4B2B-8814-22BCEEA19461}.Debug|Any CPU.Build.0 = Debug|Any CPU
		{64DE3ABA-B317-4B2B-8814-22BCEEA19461}.Debug|x64.ActiveCfg = Debug|Any CPU
		{64DE3ABA-B317-4B2B-8814-22BCEEA19461}.Debug|x64.Build.0 = Debug|Any CPU
		{64DE3ABA-B317-4B2B-8814-22BCEEA19461}.Debug|x86.ActiveCfg = Debug|Any CPU
		{64DE3ABA-B317-4B2B-8814-22BCEEA19461}.Debug|x86.Build.0 = Debug|Any CPU
		{64DE3ABA-B317-4B2B-8814-22BCEEA19461}.Release|Any CPU.ActiveCfg = Release|Any CPU
		{64DE3ABA-B317-4B2B-8814-22BCEEA19461}.Release|Any CPU.Build.0 = Release|Any CPU
		{64DE3ABA-B317-4B2B-8814-22BCEEA19461}.Release|x64.ActiveCfg = Release|Any CPU
		{64DE3ABA-B317-4B2B-8814-22BCEEA19461}.Release|x64.Build.0 = Release|Any CPU
		{64DE3ABA-B317-4B2B-8814-22BCEEA19461}.Release|x86.ActiveCfg = Release|Any CPU
		{64DE3ABA-B317-4B2B-8814-22BCEEA19461}.Release|x86.Build.0 = Release|Any CPU
	EndGlobalSection
	GlobalSection(SolutionProperties) = preSolution
		HideSolutionNode = FALSE
	EndGlobalSection
	GlobalSection(NestedProjects) = preSolution
		{6E616EFD-EE93-48FD-BBE9-EBFDD498D5EE} = {6AE7A0D7-961C-4401-9190-D8153B0B99CF}
		{4654AD9A-9FDD-42DF-985B-B2E4EF3B8ACB} = {C9C3ADC4-A2D2-4462-9223-0183E1683D8B}
		{7B2E27AB-728F-4B77-8A6E-A1843F100477} = {6AE7A0D7-961C-4401-9190-D8153B0B99CF}
		{F528D159-DB53-4F69-A22D-40C2164FEAA1} = {C9C3ADC4-A2D2-4462-9223-0183E1683D8B}
		{675ED663-3821-491E-8D17-FEFEAF45114E} = {6AE7A0D7-961C-4401-9190-D8153B0B99CF}
		{1DE60023-38A7-4FFA-9B54-8FA0E8F369AE} = {C9C3ADC4-A2D2-4462-9223-0183E1683D8B}
		{CCBC28A9-DDDF-4CC0-8EC8-C923BDEF9BBC} = {6AE7A0D7-961C-4401-9190-D8153B0B99CF}
		{0DA952D4-09E3-4C03-BA0D-01FCDDD3F6C6} = {C9C3ADC4-A2D2-4462-9223-0183E1683D8B}
		{CB4E0284-0477-4C20-AD1E-3745956D1748} = {6AE7A0D7-961C-4401-9190-D8153B0B99CF}
		{14C1B228-8914-4CBE-A44A-9D4EC9864D98} = {C9C3ADC4-A2D2-4462-9223-0183E1683D8B}
		{19D965EB-33B8-4DD3-8417-18D2A0169B78} = {6AE7A0D7-961C-4401-9190-D8153B0B99CF}
		{46A8AF65-73E7-40BD-814D-B5915C8FBBD9} = {C9C3ADC4-A2D2-4462-9223-0183E1683D8B}
		{5154D195-C2A1-413A-822A-B97701E2BE41} = {6AE7A0D7-961C-4401-9190-D8153B0B99CF}
		{33F54E2D-1584-40C3-AE27-D606622A308C} = {C9C3ADC4-A2D2-4462-9223-0183E1683D8B}
		{BFF406BE-7CC3-4BFF-96B6-4E9B93C9E74C} = {6AE7A0D7-961C-4401-9190-D8153B0B99CF}
		{7A5AA092-FB4D-4A5B-AEC5-2A5346563019} = {C9C3ADC4-A2D2-4462-9223-0183E1683D8B}
		{5BF80AEE-9A09-4464-B8D1-1D22C89F382D} = {6AE7A0D7-961C-4401-9190-D8153B0B99CF}
		{049CDAA2-CC6C-46CF-BC34-4B8A03EFA4AD} = {C9C3ADC4-A2D2-4462-9223-0183E1683D8B}
		{64DE3ABA-B317-4B2B-8814-22BCEEA19461} = {6AE7A0D7-961C-4401-9190-D8153B0B99CF}
	EndGlobalSection
EndGlobal
